
Microsoft Visual Studio Solution File, Format Version 12.00
# Visual Studio Version 17
VisualStudioVersion = 17.0.32126.317
MinimumVisualStudioVersion = 10.0.40219.1
Project("{8BC9CEB8-8B4A-11D0-8D11-00A0C91BC942}") = "vector", "vector\vector.vcxproj", "{BDB09A6F-98D2-4594-A629-FE2ED4F94736}"
EndProject
Global
	GlobalSection(SolutionConfigurationPlatforms) = preSolution
		Debug|x64 = Debug|x64
		Debug|x86 = Debug|x86
		Release|x64 = Release|x64
		Release|x86 = Release|x86
	EndGlobalSection
	GlobalSection(ProjectConfigurationPlatforms) = postSolution
		{BDB09A6F-98D2-4594-A629-FE2ED4F94736}.Debug|x64.ActiveCfg = Debug|x64
		{BDB09A6F-98D2-4594-A629-FE2ED4F94736}.Debug|x64.Build.0 = Debug|x64
		{BDB09A6F-98D2-4594-A629-FE2ED4F94736}.Debug|x86.ActiveCfg = Debug|Win32
		{BDB09A6F-98D2-4594-A629-FE2ED4F94736}.Debug|x86.Build.0 = Debug|Win32
		{BDB09A6F-98D2-4594-A629-FE2ED4F94736}.Release|x64.ActiveCfg = Release|x64
		{BDB09A6F-98D2-4594-A629-FE2ED4F94736}.Release|x64.Build.0 = Release|x64
		{BDB09A6F-98D2-4594-A629-FE2ED4F94736}.Release|x86.ActiveCfg = Release|Win32
		{BDB09A6F-98D2-4594-A629-FE2ED4F94736}.Release|x86.Build.0 = Release|Win32
	EndGlobalSection
	GlobalSection(SolutionProperties) = preSolution
		HideSolutionNode = FALSE
	EndGlobalSection
	GlobalSection(ExtensibilityGlobals) = postSolution
		SolutionGuid = {4480658C-6708-4BB4-82FD-4010FD6E6A30}
	EndGlobalSection
EndGlobal
